
Microsoft Visual Studio Solution File, Format Version 12.00
# Visual Studio Version 16
VisualStudioVersion = 25.0.1700.0
MinimumVisualStudioVersion = 10.0.40219.1
Project("{FAE04EC0-301F-11D3-BF4B-00C04F79EFBC}") = "siemens-pedigree-api", "siemens-pedigree-api\siemens-pedigree-api.csproj", "{52EEBAF6-2D27-4BE4-9A02-2A156AAD62C3}"
EndProject
Project("{E53339B2-1760-4266-BCC7-CA923CBCF16C}") = "docker-compose", "docker-compose.dcproj", "{3C2852CA-EF4D-4281-BD63-ABCDFF5C1395}"
EndProject
Global
	GlobalSection(SolutionConfigurationPlatforms) = preSolution
		Debug|Any CPU = Debug|Any CPU
		Release|Any CPU = Release|Any CPU
	EndGlobalSection
	GlobalSection(ProjectConfigurationPlatforms) = postSolution
		{52EEBAF6-2D27-4BE4-9A02-2A156AAD62C3}.Debug|Any CPU.ActiveCfg = Debug|Any CPU
		{52EEBAF6-2D27-4BE4-9A02-2A156AAD62C3}.Debug|Any CPU.Build.0 = Debug|Any CPU
		{52EEBAF6-2D27-4BE4-9A02-2A156AAD62C3}.Release|Any CPU.ActiveCfg = Release|Any CPU
		{52EEBAF6-2D27-4BE4-9A02-2A156AAD62C3}.Release|Any CPU.Build.0 = Release|Any CPU
		{3C2852CA-EF4D-4281-BD63-ABCDFF5C1395}.Debug|Any CPU.ActiveCfg = Debug|Any CPU
		{3C2852CA-EF4D-4281-BD63-ABCDFF5C1395}.Debug|Any CPU.Build.0 = Debug|Any CPU
		{3C2852CA-EF4D-4281-BD63-ABCDFF5C1395}.Release|Any CPU.ActiveCfg = Release|Any CPU
		{3C2852CA-EF4D-4281-BD63-ABCDFF5C1395}.Release|Any CPU.Build.0 = Release|Any CPU
	EndGlobalSection
	GlobalSection(SolutionProperties) = preSolution
		HideSolutionNode = FALSE
	EndGlobalSection
	GlobalSection(ExtensibilityGlobals) = postSolution
		SolutionGuid = {575E440C-60F0-4A0E-B58E-073EDB76BF61}
	EndGlobalSection
	GlobalSection(MonoDevelopProperties) = preSolution
		Policies = $0
		$0.TextStylePolicy = $1
		$1.FileWidth = 80
		$1.TabsToSpaces = True
		$1.scope = text/x-csharp
		$0.CSharpFormattingPolicy = $2
		$2.scope = text/x-csharp
		$0.TextStylePolicy = $3
		$3.FileWidth = 80
		$3.TabsToSpaces = True
		$3.EolMarker = Unix
		$3.scope = text/x-vs
	EndGlobalSection
EndGlobal
